lockfile_version: '1'
generated_at: '2026-06-18T07:56:52.673646+00:00'
apm_version: 0.12.4
dependencies:
- repo_url: k16shikano/fd287c3133457c4fd8f5601d34aa817d
  host: gist.github.com
  resolved_commit: 5ed08e4475365fd233aa0d3ab71c19b87e1a5732
  package_type: claude_skill
  deployed_files:
  - .agents/skills/japanese-tech-writing
  content_hash: sha256:bc7c0b812df34be051a7887ee008f941f336c91fab5876ff0d11f8373c9366ad
- repo_url: mattpocock/skills
  host: github.com
  resolved_commit: 26ba8ae34bb3657e7dd85939fce8a5a166439f8b
  virtual_path: skills/productivity/grill-me
  is_virtual: true
  package_type: claude_skill
  deployed_files:
  - .agents/skills/grill-me
  content_hash: sha256:784f0dbb7403b0f00324bce9a112f715342777a0daee7bbb7385f9c6f0a170ea
- repo_url: microsoft/playwright-cli
  host: github.com
  resolved_commit: 9b118a1a737662fa118d591b5687340b86005d5c
  virtual_path: skills/playwright-cli
  is_virtual: true
  package_type: claude_skill
  deployed_files:
  - .agents/skills/playwright-cli
  content_hash: sha256:c75e106cec48dd02c8e87504a88e90d2b84f4472bfadf395e6fd4a86763c4a64
- repo_url: vercel-labs/opensrc
  host: github.com
  resolved_commit: 2efd74e8f1755f15ed8f5a3445e1f5c80b6362c4
  package_type: skill_bundle
  deployed_files:
  - .agents/skills/opensrc
  content_hash: sha256:b44b3394cc2ab58c4d34dbe479e70f9335ce8aad6ab221986d67da9a57b9672e
