lockfile_version: '1'
generated_at: '2026-06-08T14:56:43.031844+00:00'
apm_version: 0.18.0
dependencies:
- repo_url: mattpocock/skills
  host: github.com
  resolved_commit: 2bf70051928429983de3b5718d277150926f8c89
  virtual_path: skills/productivity/grill-me
  is_virtual: true
  package_type: claude_skill
  deployed_files:
  - .agents/skills/grill-me
  content_hash: sha256:784f0dbb7403b0f00324bce9a112f715342777a0daee7bbb7385f9c6f0a170ea
- repo_url: microsoft/playwright-cli
  host: github.com
  resolved_commit: 3a1bafc8b4e973c72d0364eb5b427d1ce0aa8317
  virtual_path: skills/playwright-cli
  is_virtual: true
  package_type: claude_skill
  deployed_files:
  - .agents/skills/playwright-cli
  content_hash: sha256:a6045d16fe8fabaeb11574b103be0b2547358ccbbe8820a7ce00004d69bbc45f
- repo_url: vercel-labs/opensrc
  host: github.com
  resolved_commit: 2efd74e8f1755f15ed8f5a3445e1f5c80b6362c4
  package_type: skill_bundle
  deployed_files:
  - .agents/skills/opensrc
  content_hash: sha256:b44b3394cc2ab58c4d34dbe479e70f9335ce8aad6ab221986d67da9a57b9672e
