lockfile_version: '1'
generated_at: '2026-07-18T19:27:21.145981+00:00'
apm_version: 0.25.0
dependencies:
- repo_url: k16shikano/fd287c3133457c4fd8f5601d34aa817d
  name: japanese-tech-writing
  host: gist.github.com
  resolved_commit: 5ed08e4475365fd233aa0d3ab71c19b87e1a5732
  version: 1.0.0
  package_type: claude_skill
  deployed_files:
  - src/github.com/p-chan/dotfiles/home/.agents/skills/japanese-tech-writing
  - src/github.com/p-chan/dotfiles/home/.agents/skills/japanese-tech-writing/SKILL.md
  content_hash: sha256:bc7c0b812df34be051a7887ee008f941f336c91fab5876ff0d11f8373c9366ad
- repo_url: makenotion/skills
  name: skills
  host: github.com
  resolved_commit: 423af2bf546cd0354e5cc871017251945d9ad14f
  version: unknown
  virtual_path: skills/notion-cli
  is_virtual: true
  package_type: claude_skill
  deployed_files:
  - src/github.com/p-chan/dotfiles/home/.agents/skills/notion-cli
  - src/github.com/p-chan/dotfiles/home/.agents/skills/notion-cli/LICENSE.md
  - src/github.com/p-chan/dotfiles/home/.agents/skills/notion-cli/SKILL.md
  content_hash: sha256:9624b2f0f37d738d3be67e7c7cc8b8359063defea92b32e96b01692aee60adb4
- repo_url: mattpocock/skills
  name: skills
  host: github.com
  resolved_commit: 26ba8ae34bb3657e7dd85939fce8a5a166439f8b
  version: unknown
  virtual_path: skills/productivity/grill-me
  is_virtual: true
  package_type: claude_skill
  deployed_files:
  - src/github.com/p-chan/dotfiles/home/.agents/skills/grill-me
  - src/github.com/p-chan/dotfiles/home/.agents/skills/grill-me/SKILL.md
  content_hash: sha256:784f0dbb7403b0f00324bce9a112f715342777a0daee7bbb7385f9c6f0a170ea
- repo_url: microsoft/playwright-cli
  name: playwright-cli
  host: github.com
  resolved_commit: 9b118a1a737662fa118d591b5687340b86005d5c
  version: unknown
  virtual_path: skills/playwright-cli
  is_virtual: true
  package_type: claude_skill
  deployed_files:
  - src/github.com/p-chan/dotfiles/home/.agents/skills/playwright-cli
  - src/github.com/p-chan/dotfiles/home/.agents/skills/playwright-cli/SKILL.md
  - src/github.com/p-chan/dotfiles/home/.agents/skills/playwright-cli/references/element-attributes.md
  - src/github.com/p-chan/dotfiles/home/.agents/skills/playwright-cli/references/playwright-tests.md
  - src/github.com/p-chan/dotfiles/home/.agents/skills/playwright-cli/references/request-mocking.md
  - src/github.com/p-chan/dotfiles/home/.agents/skills/playwright-cli/references/running-code.md
  - src/github.com/p-chan/dotfiles/home/.agents/skills/playwright-cli/references/session-management.md
  - src/github.com/p-chan/dotfiles/home/.agents/skills/playwright-cli/references/spec-driven-testing.md
  - src/github.com/p-chan/dotfiles/home/.agents/skills/playwright-cli/references/storage-state.md
  - src/github.com/p-chan/dotfiles/home/.agents/skills/playwright-cli/references/test-generation.md
  - src/github.com/p-chan/dotfiles/home/.agents/skills/playwright-cli/references/tracing.md
  - src/github.com/p-chan/dotfiles/home/.agents/skills/playwright-cli/references/video-recording.md
  content_hash: sha256:c75e106cec48dd02c8e87504a88e90d2b84f4472bfadf395e6fd4a86763c4a64
- repo_url: vercel-labs/opensrc
  name: opensrc
  host: github.com
  resolved_commit: 2efd74e8f1755f15ed8f5a3445e1f5c80b6362c4
  version: unknown
  package_type: skill_bundle
  deployed_files:
  - src/github.com/p-chan/dotfiles/home/.agents/skills/opensrc
  - src/github.com/p-chan/dotfiles/home/.agents/skills/opensrc/SKILL.md
  content_hash: sha256:b44b3394cc2ab58c4d34dbe479e70f9335ce8aad6ab221986d67da9a57b9672e
deployments:
- kind: project-relative
  target: legacy
  value: src/github.com/p-chan/dotfiles/home/.agents/skills/grill-me
  runtime: null
  scope: project
  owners:
  - mattpocock/skills/skills/productivity/grill-me
  active_owner: mattpocock/skills/skills/productivity/grill-me
  content_hash: null
- kind: project-relative
  target: legacy
  value: src/github.com/p-chan/dotfiles/home/.agents/skills/grill-me/SKILL.md
  runtime: null
  scope: project
  owners:
  - mattpocock/skills/skills/productivity/grill-me
  active_owner: mattpocock/skills/skills/productivity/grill-me
  content_hash: null
- kind: project-relative
  target: legacy
  value: src/github.com/p-chan/dotfiles/home/.agents/skills/japanese-tech-writing
  runtime: null
  scope: project
  owners:
  - gist.github.com/k16shikano/fd287c3133457c4fd8f5601d34aa817d
  active_owner: gist.github.com/k16shikano/fd287c3133457c4fd8f5601d34aa817d
  content_hash: null
- kind: project-relative
  target: legacy
  value: src/github.com/p-chan/dotfiles/home/.agents/skills/japanese-tech-writing/SKILL.md
  runtime: null
  scope: project
  owners:
  - gist.github.com/k16shikano/fd287c3133457c4fd8f5601d34aa817d
  active_owner: gist.github.com/k16shikano/fd287c3133457c4fd8f5601d34aa817d
  content_hash: null
- kind: project-relative
  target: legacy
  value: src/github.com/p-chan/dotfiles/home/.agents/skills/notion-cli
  runtime: null
  scope: project
  owners:
  - makenotion/skills/skills/notion-cli
  active_owner: makenotion/skills/skills/notion-cli
  content_hash: null
- kind: project-relative
  target: legacy
  value: src/github.com/p-chan/dotfiles/home/.agents/skills/notion-cli/LICENSE.md
  runtime: null
  scope: project
  owners:
  - makenotion/skills/skills/notion-cli
  active_owner: makenotion/skills/skills/notion-cli
  content_hash: null
- kind: project-relative
  target: legacy
  value: src/github.com/p-chan/dotfiles/home/.agents/skills/notion-cli/SKILL.md
  runtime: null
  scope: project
  owners:
  - makenotion/skills/skills/notion-cli
  active_owner: makenotion/skills/skills/notion-cli
  content_hash: null
- kind: project-relative
  target: legacy
  value: src/github.com/p-chan/dotfiles/home/.agents/skills/opensrc
  runtime: null
  scope: project
  owners:
  - vercel-labs/opensrc
  active_owner: vercel-labs/opensrc
  content_hash: null
- kind: project-relative
  target: legacy
  value: src/github.com/p-chan/dotfiles/home/.agents/skills/opensrc/SKILL.md
  runtime: null
  scope: project
  owners:
  - vercel-labs/opensrc
  active_owner: vercel-labs/opensrc
  content_hash: null
- kind: project-relative
  target: legacy
  value: src/github.com/p-chan/dotfiles/home/.agents/skills/playwright-cli
  runtime: null
  scope: project
  owners:
  - microsoft/playwright-cli/skills/playwright-cli
  active_owner: microsoft/playwright-cli/skills/playwright-cli
  content_hash: null
- kind: project-relative
  target: legacy
  value: src/github.com/p-chan/dotfiles/home/.agents/skills/playwright-cli/SKILL.md
  runtime: null
  scope: project
  owners:
  - microsoft/playwright-cli/skills/playwright-cli
  active_owner: microsoft/playwright-cli/skills/playwright-cli
  content_hash: null
- kind: project-relative
  target: legacy
  value: src/github.com/p-chan/dotfiles/home/.agents/skills/playwright-cli/references/element-attributes.md
  runtime: null
  scope: project
  owners:
  - microsoft/playwright-cli/skills/playwright-cli
  active_owner: microsoft/playwright-cli/skills/playwright-cli
  content_hash: null
- kind: project-relative
  target: legacy
  value: src/github.com/p-chan/dotfiles/home/.agents/skills/playwright-cli/references/playwright-tests.md
  runtime: null
  scope: project
  owners:
  - microsoft/playwright-cli/skills/playwright-cli
  active_owner: microsoft/playwright-cli/skills/playwright-cli
  content_hash: null
- kind: project-relative
  target: legacy
  value: src/github.com/p-chan/dotfiles/home/.agents/skills/playwright-cli/references/request-mocking.md
  runtime: null
  scope: project
  owners:
  - microsoft/playwright-cli/skills/playwright-cli
  active_owner: microsoft/playwright-cli/skills/playwright-cli
  content_hash: null
- kind: project-relative
  target: legacy
  value: src/github.com/p-chan/dotfiles/home/.agents/skills/playwright-cli/references/running-code.md
  runtime: null
  scope: project
  owners:
  - microsoft/playwright-cli/skills/playwright-cli
  active_owner: microsoft/playwright-cli/skills/playwright-cli
  content_hash: null
- kind: project-relative
  target: legacy
  value: src/github.com/p-chan/dotfiles/home/.agents/skills/playwright-cli/references/session-management.md
  runtime: null
  scope: project
  owners:
  - microsoft/playwright-cli/skills/playwright-cli
  active_owner: microsoft/playwright-cli/skills/playwright-cli
  content_hash: null
- kind: project-relative
  target: legacy
  value: src/github.com/p-chan/dotfiles/home/.agents/skills/playwright-cli/references/spec-driven-testing.md
  runtime: null
  scope: project
  owners:
  - microsoft/playwright-cli/skills/playwright-cli
  active_owner: microsoft/playwright-cli/skills/playwright-cli
  content_hash: null
- kind: project-relative
  target: legacy
  value: src/github.com/p-chan/dotfiles/home/.agents/skills/playwright-cli/references/storage-state.md
  runtime: null
  scope: project
  owners:
  - microsoft/playwright-cli/skills/playwright-cli
  active_owner: microsoft/playwright-cli/skills/playwright-cli
  content_hash: null
- kind: project-relative
  target: legacy
  value: src/github.com/p-chan/dotfiles/home/.agents/skills/playwright-cli/references/test-generation.md
  runtime: null
  scope: project
  owners:
  - microsoft/playwright-cli/skills/playwright-cli
  active_owner: microsoft/playwright-cli/skills/playwright-cli
  content_hash: null
- kind: project-relative
  target: legacy
  value: src/github.com/p-chan/dotfiles/home/.agents/skills/playwright-cli/references/tracing.md
  runtime: null
  scope: project
  owners:
  - microsoft/playwright-cli/skills/playwright-cli
  active_owner: microsoft/playwright-cli/skills/playwright-cli
  content_hash: null
- kind: project-relative
  target: legacy
  value: src/github.com/p-chan/dotfiles/home/.agents/skills/playwright-cli/references/video-recording.md
  runtime: null
  scope: project
  owners:
  - microsoft/playwright-cli/skills/playwright-cli
  active_owner: microsoft/playwright-cli/skills/playwright-cli
  content_hash: null
