lockfile_version: '1'
generated_at: '2026-05-07T09:45:44.565156+00:00'
apm_version: 0.12.3
dependencies:
- repo_url: vercel-labs/opensrc
  host: github.com
  resolved_commit: 2efd74e8f1755f15ed8f5a3445e1f5c80b6362c4
  package_type: skill_bundle
  deployed_files:
  - .agents/skills/opensrc
  content_hash: sha256:b44b3394cc2ab58c4d34dbe479e70f9335ce8aad6ab221986d67da9a57b9672e
